<?xml version="1.0" encoding="UTF-8"?>
<CodeBlocks_project_file>
	<FileVersion major="1" minor="6"/>
	<Project>
		<Option title="lab"/>
		<Option makefile_is_custom="1"/>
		<Option compiler="gcc"/>
		<Option virtualFolders="CMake Files\;CMake Files\Tests\;"/>
		<Build>
			<Target title="all">
				<Option working_dir="/home/ostap/dev/proj/build"/>
				<Option type="4"/>
				<MakeCommands>
					<Build command="/usr/bin/make -f &quot;/home/ostap/dev/proj/build/Makefile&quot;  VERBOSE=1 all"/>
					<CompileFile command="/usr/bin/make -f &quot;/home/ostap/dev/proj/build/Makefile&quot;  VERBOSE=1 &quot;$file&quot;"/>
					<Clean command="/usr/bin/make -f &quot;/home/ostap/dev/proj/build/Makefile&quot;  VERBOSE=1 clean"/>
					<DistClean command="/usr/bin/make -f &quot;/home/ostap/dev/proj/build/Makefile&quot;  VERBOSE=1 clean"/>
				</MakeCommands>
			</Target>
			<Target title="rebuild_cache">
				<Option working_dir="/home/ostap/dev/proj/build"/>
				<Option type="4"/>
				<MakeCommands>
					<Build command="/usr/bin/make -f &quot;/home/ostap/dev/proj/build/Makefile&quot;  VERBOSE=1 rebuild_cache"/>
					<CompileFile command="/usr/bin/make -f &quot;/home/ostap/dev/proj/build/Makefile&quot;  VERBOSE=1 &quot;$file&quot;"/>
					<Clean command="/usr/bin/make -f &quot;/home/ostap/dev/proj/build/Makefile&quot;  VERBOSE=1 clean"/>
					<DistClean command="/usr/bin/make -f &quot;/home/ostap/dev/proj/build/Makefile&quot;  VERBOSE=1 clean"/>
				</MakeCommands>
			</Target>
			<Target title="edit_cache">
				<Option working_dir="/home/ostap/dev/proj/build"/>
				<Option type="4"/>
				<MakeCommands>
					<Build command="/usr/bin/make -f &quot;/home/ostap/dev/proj/build/Makefile&quot;  VERBOSE=1 edit_cache"/>
					<CompileFile command="/usr/bin/make -f &quot;/home/ostap/dev/proj/build/Makefile&quot;  VERBOSE=1 &quot;$file&quot;"/>
					<Clean command="/usr/bin/make -f &quot;/home/ostap/dev/proj/build/Makefile&quot;  VERBOSE=1 clean"/>
					<DistClean command="/usr/bin/make -f &quot;/home/ostap/dev/proj/build/Makefile&quot;  VERBOSE=1 clean"/>
				</MakeCommands>
			</Target>
			<Target title="labcore">
				<Option output="/home/ostap/dev/proj/build/lib/liblabcore.a" prefix_auto="0" extension_auto="0"/>
				<Option working_dir="/home/ostap/dev/proj/build"/>
				<Option object_output="./"/>
				<Option type="2"/>
				<Option compiler="gcc"/>
				<Compiler>
					<Add directory="/home/ostap/dev/proj/bignum-arithmetic-eliptic-curves/Src"/>
				</Compiler>
				<MakeCommands>
					<Build command="/usr/bin/make -f &quot;/home/ostap/dev/proj/build/Makefile&quot;  VERBOSE=1 labcore"/>
					<CompileFile command="/usr/bin/make -f &quot;/home/ostap/dev/proj/build/Makefile&quot;  VERBOSE=1 &quot;$file&quot;"/>
					<Clean command="/usr/bin/make -f &quot;/home/ostap/dev/proj/build/Makefile&quot;  VERBOSE=1 clean"/>
					<DistClean command="/usr/bin/make -f &quot;/home/ostap/dev/proj/build/Makefile&quot;  VERBOSE=1 clean"/>
				</MakeCommands>
			</Target>
			<Target title="labcore/fast">
				<Option output="/home/ostap/dev/proj/build/lib/liblabcore.a" prefix_auto="0" extension_auto="0"/>
				<Option working_dir="/home/ostap/dev/proj/build"/>
				<Option object_output="./"/>
				<Option type="2"/>
				<Option compiler="gcc"/>
				<Compiler>
					<Add directory="/home/ostap/dev/proj/bignum-arithmetic-eliptic-curves/Src"/>
				</Compiler>
				<MakeCommands>
					<Build command="/usr/bin/make -f &quot;/home/ostap/dev/proj/build/Makefile&quot;  VERBOSE=1 labcore/fast"/>
					<CompileFile command="/usr/bin/make -f &quot;/home/ostap/dev/proj/build/Makefile&quot;  VERBOSE=1 &quot;$file&quot;"/>
					<Clean command="/usr/bin/make -f &quot;/home/ostap/dev/proj/build/Makefile&quot;  VERBOSE=1 clean"/>
					<DistClean command="/usr/bin/make -f &quot;/home/ostap/dev/proj/build/Makefile&quot;  VERBOSE=1 clean"/>
				</MakeCommands>
			</Target>
			<Target title="main">
				<Option output="/home/ostap/dev/proj/build/bin/main" prefix_auto="0" extension_auto="0"/>
				<Option working_dir="/home/ostap/dev/proj/build/bin"/>
				<Option object_output="./"/>
				<Option type="1"/>
				<Option compiler="gcc"/>
				<Compiler>
					<Add directory="/home/ostap/dev/proj/bignum-arithmetic-eliptic-curves/Src"/>
				</Compiler>
				<MakeCommands>
					<Build command="/usr/bin/make -f &quot;/home/ostap/dev/proj/build/Makefile&quot;  VERBOSE=1 main"/>
					<CompileFile command="/usr/bin/make -f &quot;/home/ostap/dev/proj/build/Makefile&quot;  VERBOSE=1 &quot;$file&quot;"/>
					<Clean command="/usr/bin/make -f &quot;/home/ostap/dev/proj/build/Makefile&quot;  VERBOSE=1 clean"/>
					<DistClean command="/usr/bin/make -f &quot;/home/ostap/dev/proj/build/Makefile&quot;  VERBOSE=1 clean"/>
				</MakeCommands>
			</Target>
			<Target title="main/fast">
				<Option output="/home/ostap/dev/proj/build/bin/main" prefix_auto="0" extension_auto="0"/>
				<Option working_dir="/home/ostap/dev/proj/build/bin"/>
				<Option object_output="./"/>
				<Option type="1"/>
				<Option compiler="gcc"/>
				<Compiler>
					<Add directory="/home/ostap/dev/proj/bignum-arithmetic-eliptic-curves/Src"/>
				</Compiler>
				<MakeCommands>
					<Build command="/usr/bin/make -f &quot;/home/ostap/dev/proj/build/Makefile&quot;  VERBOSE=1 main/fast"/>
					<CompileFile command="/usr/bin/make -f &quot;/home/ostap/dev/proj/build/Makefile&quot;  VERBOSE=1 &quot;$file&quot;"/>
					<Clean command="/usr/bin/make -f &quot;/home/ostap/dev/proj/build/Makefile&quot;  VERBOSE=1 clean"/>
					<DistClean command="/usr/bin/make -f &quot;/home/ostap/dev/proj/build/Makefile&quot;  VERBOSE=1 clean"/>
				</MakeCommands>
			</Target>
			<Target title="tests">
				<Option output="/home/ostap/dev/proj/build/bin/tests" prefix_auto="0" extension_auto="0"/>
				<Option working_dir="/home/ostap/dev/proj/build/bin"/>
				<Option object_output="./"/>
				<Option type="1"/>
				<Option compiler="gcc"/>
				<Compiler>
					<Add directory="/home/ostap/dev/proj/bignum-arithmetic-eliptic-curves/Src"/>
				</Compiler>
				<MakeCommands>
					<Build command="/usr/bin/make -f &quot;/home/ostap/dev/proj/build/Tests/Makefile&quot;  VERBOSE=1 tests"/>
					<CompileFile command="/usr/bin/make -f &quot;/home/ostap/dev/proj/build/Tests/Makefile&quot;  VERBOSE=1 &quot;$file&quot;"/>
					<Clean command="/usr/bin/make -f &quot;/home/ostap/dev/proj/build/Tests/Makefile&quot;  VERBOSE=1 clean"/>
					<DistClean command="/usr/bin/make -f &quot;/home/ostap/dev/proj/build/Tests/Makefile&quot;  VERBOSE=1 clean"/>
				</MakeCommands>
			</Target>
			<Target title="tests/fast">
				<Option output="/home/ostap/dev/proj/build/bin/tests" prefix_auto="0" extension_auto="0"/>
				<Option working_dir="/home/ostap/dev/proj/build/bin"/>
				<Option object_output="./"/>
				<Option type="1"/>
				<Option compiler="gcc"/>
				<Compiler>
					<Add directory="/home/ostap/dev/proj/bignum-arithmetic-eliptic-curves/Src"/>
				</Compiler>
				<MakeCommands>
					<Build command="/usr/bin/make -f &quot;/home/ostap/dev/proj/build/Tests/Makefile&quot;  VERBOSE=1 tests/fast"/>
					<CompileFile command="/usr/bin/make -f &quot;/home/ostap/dev/proj/build/Tests/Makefile&quot;  VERBOSE=1 &quot;$file&quot;"/>
					<Clean command="/usr/bin/make -f &quot;/home/ostap/dev/proj/build/Tests/Makefile&quot;  VERBOSE=1 clean"/>
					<DistClean command="/usr/bin/make -f &quot;/home/ostap/dev/proj/build/Tests/Makefile&quot;  VERBOSE=1 clean"/>
				</MakeCommands>
			</Target>
		</Build>
		<Unit filename="/home/ostap/dev/proj/bignum-arithmetic-eliptic-curves/Src/BigNum.cpp">
			<Option target="labcore"/>
		</Unit>
		<Unit filename="/home/ostap/dev/proj/bignum-arithmetic-eliptic-curves/Src/BigNum.hpp">
			<Option target="labcore"/>
		</Unit>
		<Unit filename="/home/ostap/dev/proj/bignum-arithmetic-eliptic-curves/Src/EllipticCurves.cpp">
			<Option target="labcore"/>
		</Unit>
		<Unit filename="/home/ostap/dev/proj/bignum-arithmetic-eliptic-curves/Src/EllipticCurves.hpp">
			<Option target="labcore"/>
		</Unit>
		<Unit filename="/home/ostap/dev/proj/bignum-arithmetic-eliptic-curves/Tests/TestBigNum.cpp">
			<Option target="tests"/>
		</Unit>
		<Unit filename="/home/ostap/dev/proj/bignum-arithmetic-eliptic-curves/Tests/TestEllipticCurves.cpp">
			<Option target="tests"/>
		</Unit>
		<Unit filename="/home/ostap/dev/proj/bignum-arithmetic-eliptic-curves/Tests/main.cpp">
			<Option target="tests"/>
		</Unit>
		<Unit filename="/home/ostap/dev/proj/bignum-arithmetic-eliptic-curves/main.cpp">
			<Option target="main"/>
		</Unit>
		<Unit filename="/home/ostap/dev/proj/bignum-arithmetic-eliptic-curves/CMakeLists.txt">
			<Option virtualFolder="CMake Files\"/>
		</Unit>
		<Unit filename="/home/ostap/dev/proj/bignum-arithmetic-eliptic-curves/Tests/CMakeLists.txt">
			<Option virtualFolder="CMake Files\Tests\"/>
		</Unit>
	</Project>
</CodeBlocks_project_file>
